// !$*UTF8*$!
{
	archiveVersion = 1;
	classes = {
	};
	objectVersion = 46;
	objects = {

/* Begin PBXBuildFile section */
		60FB92601D61E94600CBAFDD /* PQWipeView.m in Sources */ = {isa = PBXBuildFile; fileRef = 60FB925F1D61E94600CBAFDD /* PQWipeView.m */; };
		60FB92621D61E9FD00CBAFDD /* PQWipeView.xib in Resources */ = {isa = PBXBuildFile; fileRef = 60FB92611D61E9FD00CBAFDD /* PQWipeView.xib */; };
		813E6A691D614FAB0032C575 /* ImageAddWaterImageViewcontroller.m in Sources */ = {isa = PBXBuildFile; fileRef = 813E6A681D614FAB0032C575 /* ImageAddWaterImageViewcontroller.m */; };
		813E6A6C1D614FE60032C575 /* ImageAddWaterTextViewcontroller.m in Sources */ = {isa = PBXBuildFile; fileRef = 813E6A6B1D614FE60032C575 /* ImageAddWaterTextViewcontroller.m */; };
		813E6A6F1D6150200032C575 /* ImageClipCircleViewcontroller.m in Sources */ = {isa = PBXBuildFile; fileRef = 813E6A6E1D6150200032C575 /* ImageClipCircleViewcontroller.m */; };
		813E6A721D6150510032C575 /* ImageClipCircleAndBorderViewcontroller.m in Sources */ = {isa = PBXBuildFile; fileRef = 813E6A711D6150510032C575 /* ImageClipCircleAndBorderViewcontroller.m */; };
		818147F91D5EAC5E00346206 /* main.m in Sources */ = {isa = PBXBuildFile; fileRef = 818147F81D5EAC5E00346206 /* main.m */; };
		818147FC1D5EAC5E00346206 /* AppDelegate.m in Sources */ = {isa = PBXBuildFile; fileRef = 818147FB1D5EAC5E00346206 /* AppDelegate.m */; };
		818147FF1D5EAC5E00346206 /* ViewController.m in Sources */ = {isa = PBXBuildFile; fileRef = 818147FE1D5EAC5E00346206 /* ViewController.m */; };
		818148021D5EAC5E00346206 /* Main.storyboard in Resources */ = {isa = PBXBuildFile; fileRef = 818148001D5EAC5E00346206 /* Main.storyboard */; };
		818148041D5EAC5E00346206 /* Assets.xcassets in Resources */ = {isa = PBXBuildFile; fileRef = 818148031D5EAC5E00346206 /* Assets.xcassets */; };
		818148071D5EAC5E00346206 /* LaunchScreen.storyboard in Resources */ = {isa = PBXBuildFile; fileRef = 818148051D5EAC5E00346206 /* LaunchScreen.storyboard */; };
		818148121D5EAC5E00346206 /* PQDrawTestTests.m in Sources */ = {isa = PBXBuildFile; fileRef = 818148111D5EAC5E00346206 /* PQDrawTestTests.m */; };
		8181481D1D5EAC5E00346206 /* PQDrawTestUITests.m in Sources */ = {isa = PBXBuildFile; fileRef = 8181481C1D5EAC5E00346206 /* PQDrawTestUITests.m */; };
		8181482E1D5EACB900346206 /* PQTBDataSource.m in Sources */ = {isa = PBXBuildFile; fileRef = 8181482D1D5EACB900346206 /* PQTBDataSource.m */; };
		818148301D5EACE100346206 /* Draw.plist in Resources */ = {isa = PBXBuildFile; fileRef = 8181482F1D5EACE100346206 /* Draw.plist */; };
		818148351D5EAF6F00346206 /* DrawLineViewcontroller.m in Sources */ = {isa = PBXBuildFile; fileRef = 818148341D5EAF6F00346206 /* DrawLineViewcontroller.m */; };
		818148381D5EAF7B00346206 /* DrawRectViewcontroller.m in Sources */ = {isa = PBXBuildFile; fileRef = 818148371D5EAF7B00346206 /* DrawRectViewcontroller.m */; };
		8181483B1D5EAF8D00346206 /* DrawCircleViewcontroller.m in Sources */ = {isa = PBXBuildFile; fileRef = 8181483A1D5EAF8D00346206 /* DrawCircleViewcontroller.m */; };
		8181483E1D5EAF9A00346206 /* DrawTextViewcontroller.m in Sources */ = {isa = PBXBuildFile; fileRef = 8181483D1D5EAF9A00346206 /* DrawTextViewcontroller.m */; };
		818148411D5EAFAA00346206 /* DrawImageViewcontroller.m in Sources */ = {isa = PBXBuildFile; fileRef = 818148401D5EAFAA00346206 /* DrawImageViewcontroller.m */; };
		8181484C1D5EB0A400346206 /* DrawLineView.m in Sources */ = {isa = PBXBuildFile; fileRef = 8181484B1D5EB0A400346206 /* DrawLineView.m */; };
		8181484F1D5EB0B200346206 /* DrawRectView.m in Sources */ = {isa = PBXBuildFile; fileRef = 8181484E1D5EB0B200346206 /* DrawRectView.m */; };
		818148521D5EB0BD00346206 /* DrawCircletView.m in Sources */ = {isa = PBXBuildFile; fileRef = 818148511D5EB0BD00346206 /* DrawCircletView.m */; };
		818148551D5EB0C600346206 /* DrawTexttView.m in Sources */ = {isa = PBXBuildFile; fileRef = 818148541D5EB0C600346206 /* DrawTexttView.m */; };
		818148581D5EB0D600346206 /* DrawImageView.m in Sources */ = {isa = PBXBuildFile; fileRef = 818148571D5EB0D600346206 /* DrawImageView.m */; };
		818148601D5EB34A00346206 /* CellModel.m in Sources */ = {isa = PBXBuildFile; fileRef = 8181485B1D5EB34A00346206 /* CellModel.m */; };
		818148611D5EB34A00346206 /* SectionModel.m in Sources */ = {isa = PBXBuildFile; fileRef = 8181485D1D5EB34A00346206 /* SectionModel.m */; };
		818148621D5EB34A00346206 /* UIView+pgqViewExtension.m in Sources */ = {isa = PBXBuildFile; fileRef = 8181485F1D5EB34A00346206 /* UIView+pgqViewExtension.m */; };
		818148651D5EBAD700346206 /* PQTBDelegate.m in Sources */ = {isa = PBXBuildFile; fileRef = 818148641D5EBAD700346206 /* PQTBDelegate.m */; };
		818148671D5EF25700346206 /* 222.png in Resources */ = {isa = PBXBuildFile; fileRef = 818148661D5EF25700346206 /* 222.png */; };
		8181486A1D5EF49000346206 /* DrawLineColorViewcontroller.m in Sources */ = {isa = PBXBuildFile; fileRef = 818148691D5EF49000346206 /* DrawLineColorViewcontroller.m */; };
		8181486D1D5EF4A400346206 /* DrawDownloadViewcontroller.m in Sources */ = {isa = PBXBuildFile; fileRef = 8181486C1D5EF4A400346206 /* DrawDownloadViewcontroller.m */; };
		818148701D5EF50800346206 /* DrawDownloadView.m in Sources */ = {isa = PBXBuildFile; fileRef = 8181486F1D5EF50800346206 /* DrawDownloadView.m */; };
		818148731D5EF51700346206 /* DrawLineColorView.m in Sources */ = {isa = PBXBuildFile; fileRef = 818148721D5EF51700346206 /* DrawLineColorView.m */; };
		818148761D5F272100346206 /* ImageContextViewcontroller.m in Sources */ = {isa = PBXBuildFile; fileRef = 818148751D5F272100346206 /* ImageContextViewcontroller.m */; };
		818148791D5F273900346206 /* UIImage+PQImage.m in Sources */ = {isa = PBXBuildFile; fileRef = 818148781D5F273900346206 /* UIImage+PQImage.m */; };
		81F45D1D1D61688A00090568 /* ImageCutViewViewcontroller.m in Sources */ = {isa = PBXBuildFile; fileRef = 81F45D1C1D61688A00090568 /* ImageCutViewViewcontroller.m */; };
		81F45D201D6170EB00090568 /* ImageWipeViewcontroller.m in Sources */ = {isa = PBXBuildFile; fileRef = 81F45D1F1D6170EB00090568 /* ImageWipeViewcontroller.m */; };
		81F45D241D61717600090568 /* fore.jpg in Resources */ = {isa = PBXBuildFile; fileRef = 81F45D221D61717600090568 /* fore.jpg */; };
		81F45D261D61729500090568 /* back.jpg in Resources */ = {isa = PBXBuildFile; fileRef = 81F45D251D61729500090568 /* back.jpg */; };
		81FD2D0C1D619F060081C061 /* ImageClipRectImageViewcontroller.m in Sources */ = {isa = PBXBuildFile; fileRef = 81FD2D0B1D619F060081C061 /* ImageClipRectImageViewcontroller.m */; };
		81FD2D131D61AD770081C061 /* 16.png in Resources */ = {isa = PBXBuildFile; fileRef = 81FD2D121D61AD770081C061 /* 16.png */; };
		81FD2D171D61B2240081C061 /* jiantou.png in Resources */ = {isa = PBXBuildFile; fileRef = 81FD2D161D61B2240081C061 /* jiantou.png */; };
		8FE387251FDE1F0300A15F5C /* DrawGradientController.m in Sources */ = {isa = PBXBuildFile; fileRef = 8FE387241FDE1F0300A15F5C /* DrawGradientController.m */; };
		8FE387281FDE1F5600A15F5C /* LineView.m in Sources */ = {isa = PBXBuildFile; fileRef = 8FE387271FDE1F5600A15F5C /* LineView.m */; };
/* End PBXBuildFile section */

/* Begin PBXContainerItemProxy section */
		8181480E1D5EAC5E00346206 /* PBXContainerItemProxy */ = {
			isa = PBXContainerItemProxy;
			containerPortal = 818147EC1D5EAC5E00346206 /* Project object */;
			proxyType = 1;
			remoteGlobalIDString = 818147F31D5EAC5E00346206;
			remoteInfo = PQDrawTest;
		};
		818148191D5EAC5E00346206 /* PBXContainerItemProxy */ = {
			isa = PBXContainerItemProxy;
			containerPortal = 818147EC1D5EAC5E00346206 /* Project object */;
			proxyType = 1;
			remoteGlobalIDString = 818147F31D5EAC5E00346206;
			remoteInfo = PQDrawTest;
		};
/* End PBXContainerItemProxy section */

/* Begin PBXFileReference section */
		60FB925E1D61E94600CBAFDD /* PQWipeView.h */ = {isa = PBXFileReference; fileEncoding = 4; lastKnownFileType = sourcecode.c.h; path = PQWipeView.h; sourceTree = "<group>"; };
		60FB925F1D61E94600CBAFDD /* PQWipeView.m */ = {isa = PBXFileReference; fileEncoding = 4; lastKnownFileType = sourcecode.c.objc; path = PQWipeView.m; sourceTree = "<group>"; };
		60FB92611D61E9FD00CBAFDD /* PQWipeView.xib */ = {isa = PBXFileReference; fileEncoding = 4; lastKnownFileType = file.xib; path = PQWipeView.xib; sourceTree = "<group>"; };
		813E6A671D614FAB0032C575 /* ImageAddWaterImageViewcontroller.h */ = {isa = PBXFileReference; fileEncoding = 4; lastKnownFileType = sourcecode.c.h; path = ImageAddWaterImageViewcontroller.h; sourceTree = "<group>"; };
		813E6A681D614FAB0032C575 /* ImageAddWaterImageViewcontroller.m */ = {isa = PBXFileReference; fileEncoding = 4; lastKnownFileType = sourcecode.c.objc; path = ImageAddWaterImageViewcontroller.m; sourceTree = "<group>"; };
		813E6A6A1D614FE60032C575 /* ImageAddWaterTextViewcontroller.h */ = {isa = PBXFileReference; fileEncoding = 4; lastKnownFileType = sourcecode.c.h; path = ImageAddWaterTextViewcontroller.h; sourceTree = "<group>"; };
		813E6A6B1D614FE60032C575 /* ImageAddWaterTextViewcontroller.m */ = {isa = PBXFileReference; fileEncoding = 4; lastKnownFileType = sourcecode.c.objc; path = ImageAddWaterTextViewcontroller.m; sourceTree = "<group>"; };
		813E6A6D1D6150200032C575 /* ImageClipCircleViewcontroller.h */ = {isa = PBXFileReference; fileEncoding = 4; lastKnownFileType = sourcecode.c.h; path = ImageClipCircleViewcontroller.h; sourceTree = "<group>"; };
		813E6A6E1D6150200032C575 /* ImageClipCircleViewcontroller.m */ = {isa = PBXFileReference; fileEncoding = 4; lastKnownFileType = sourcecode.c.objc; path = ImageClipCircleViewcontroller.m; sourceTree = "<group>"; };
		813E6A701D6150510032C575 /* ImageClipCircleAndBorderViewcontroller.h */ = {isa = PBXFileReference; fileEncoding = 4; lastKnownFileType = sourcecode.c.h; path = ImageClipCircleAndBorderViewcontroller.h; sourceTree = "<group>"; };
		813E6A711D6150510032C575 /* ImageClipCircleAndBorderViewcontroller.m */ = {isa = PBXFileReference; fileEncoding = 4; lastKnownFileType = sourcecode.c.objc; path = ImageClipCircleAndBorderViewcontroller.m; sourceTree = "<group>"; };
		818147F41D5EAC5E00346206 /* PQDrawTest.app */ = {isa = PBXFileReference; explicitFileType = wrapper.application; includeInIndex = 0; path = PQDrawTest.app; sourceTree = BUILT_PRODUCTS_DIR; };
		818147F81D5EAC5E00346206 /* main.m */ = {isa = PBXFileReference; lastKnownFileType = sourcecode.c.objc; path = main.m; sourceTree = "<group>"; };
		818147FA1D5EAC5E00346206 /* AppDelegate.h */ = {isa = PBXFileReference; lastKnownFileType = sourcecode.c.h; path = AppDelegate.h; sourceTree = "<group>"; };
		818147FB1D5EAC5E00346206 /* AppDelegate.m */ = {isa = PBXFileReference; lastKnownFileType = sourcecode.c.objc; path = AppDelegate.m; sourceTree = "<group>"; };
		818147FD1D5EAC5E00346206 /* ViewController.h */ = {isa = PBXFileReference; lastKnownFileType = sourcecode.c.h; path = ViewController.h; sourceTree = "<group>"; };
		818147FE1D5EAC5E00346206 /* ViewController.m */ = {isa = PBXFileReference; lastKnownFileType = sourcecode.c.objc; path = ViewController.m; sourceTree = "<group>"; };
		818148011D5EAC5E00346206 /* Base */ = {isa = PBXFileReference; lastKnownFileType = file.storyboard; name = Base; path = Base.lproj/Main.storyboard; sourceTree = "<group>"; };
		818148031D5EAC5E00346206 /* Assets.xcassets */ = {isa = PBXFileReference; lastKnownFileType = folder.assetcatalog; path = Assets.xcassets; sourceTree = "<group>"; };
		818148061D5EAC5E00346206 /* Base */ = {isa = PBXFileReference; lastKnownFileType = file.storyboard; name = Base; path = Base.lproj/LaunchScreen.storyboard; sourceTree = "<group>"; };
		818148081D5EAC5E00346206 /* Info.plist */ = {isa = PBXFileReference; lastKnownFileType = text.plist.xml; path = Info.plist; sourceTree = "<group>"; };
		8181480D1D5EAC5E00346206 /* PQDrawTestTests.xctest */ = {isa = PBXFileReference; explicitFileType = wrapper.cfbundle; includeInIndex = 0; path = PQDrawTestTests.xctest; sourceTree = BUILT_PRODUCTS_DIR; };
		818148111D5EAC5E00346206 /* PQDrawTestTests.m */ = {isa = PBXFileReference; lastKnownFileType = sourcecode.c.objc; path = PQDrawTestTests.m; sourceTree = "<group>"; };
		818148131D5EAC5E00346206 /* Info.plist */ = {isa = PBXFileReference; lastKnownFileType = text.plist.xml; path = Info.plist; sourceTree = "<group>"; };
		818148181D5EAC5E00346206 /* PQDrawTestUITests.xctest */ = {isa = PBXFileReference; explicitFileType = wrapper.cfbundle; includeInIndex = 0; path = PQDrawTestUITests.xctest; sourceTree = BUILT_PRODUCTS_DIR; };
		8181481C1D5EAC5E00346206 /* PQDrawTestUITests.m */ = {isa = PBXFileReference; lastKnownFileType = sourcecode.c.objc; path = PQDrawTestUITests.m; sourceTree = "<group>"; };
		8181481E1D5EAC5E00346206 /* Info.plist */ = {isa = PBXFileReference; lastKnownFileType = text.plist.xml; path = Info.plist; sourceTree = "<group>"; };
		8181482C1D5EACB900346206 /* PQTBDataSource.h */ = {isa = PBXFileReference; fileEncoding = 4; lastKnownFileType = sourcecode.c.h; path = PQTBDataSource.h; sourceTree = "<group>"; };
		8181482D1D5EACB900346206 /* PQTBDataSource.m */ = {isa = PBXFileReference; fileEncoding = 4; lastKnownFileType = sourcecode.c.objc; path = PQTBDataSource.m; sourceTree = "<group>"; };
		8181482F1D5EACE100346206 /* Draw.plist */ = {isa = PBXFileReference; fileEncoding = 4; lastKnownFileType = text.plist.xml; path = Draw.plist; sourceTree = "<group>"; };
		818148331D5EAF6F00346206 /* DrawLineViewcontroller.h */ = {isa = PBXFileReference; fileEncoding = 4; lastKnownFileType = sourcecode.c.h; path = DrawLineViewcontroller.h; sourceTree = "<group>"; };
		818148341D5EAF6F00346206 /* DrawLineViewcontroller.m */ = {isa = PBXFileReference; fileEncoding = 4; lastKnownFileType = sourcecode.c.objc; path = DrawLineViewcontroller.m; sourceTree = "<group>"; };
		818148361D5EAF7B00346206 /* DrawRectViewcontroller.h */ = {isa = PBXFileReference; fileEncoding = 4; lastKnownFileType = sourcecode.c.h; path = DrawRectViewcontroller.h; sourceTree = "<group>"; };
		818148371D5EAF7B00346206 /* DrawRectViewcontroller.m */ = {isa = PBXFileReference; fileEncoding = 4; lastKnownFileType = sourcecode.c.objc; path = DrawRectViewcontroller.m; sourceTree = "<group>"; };
		818148391D5EAF8D00346206 /* DrawCircleViewcontroller.h */ = {isa = PBXFileReference; fileEncoding = 4; lastKnownFileType = sourcecode.c.h; path = DrawCircleViewcontroller.h; sourceTree = "<group>"; };
		8181483A1D5EAF8D00346206 /* DrawCircleViewcontroller.m */ = {isa = PBXFileReference; fileEncoding = 4; lastKnownFileType = sourcecode.c.objc; path = DrawCircleViewcontroller.m; sourceTree = "<group>"; };
		8181483C1D5EAF9A00346206 /* DrawTextViewcontroller.h */ = {isa = PBXFileReference; fileEncoding = 4; lastKnownFileType = sourcecode.c.h; path = DrawTextViewcontroller.h; sourceTree = "<group>"; };
		8181483D1D5EAF9A00346206 /* DrawTextViewcontroller.m */ = {isa = PBXFileReference; fileEncoding = 4; lastKnownFileType = sourcecode.c.objc; path = DrawTextViewcontroller.m; sourceTree = "<group>"; };
		8181483F1D5EAFAA00346206 /* DrawImageViewcontroller.h */ = {isa = PBXFileReference; fileEncoding = 4; lastKnownFileType = sourcecode.c.h; path = DrawImageViewcontroller.h; sourceTree = "<group>"; };
		818148401D5EAFAA00346206 /* DrawImageViewcontroller.m */ = {isa = PBXFileReference; fileEncoding = 4; lastKnownFileType = sourcecode.c.objc; path = DrawImageViewcontroller.m; sourceTree = "<group>"; };
		8181484A1D5EB0A400346206 /* DrawLineView.h */ = {isa = PBXFileReference; fileEncoding = 4; lastKnownFileType = sourcecode.c.h; path = DrawLineView.h; sourceTree = "<group>"; };
		8181484B1D5EB0A400346206 /* DrawLineView.m */ = {isa = PBXFileReference; fileEncoding = 4; lastKnownFileType = sourcecode.c.objc; path = DrawLineView.m; sourceTree = "<group>"; };
		8181484D1D5EB0B200346206 /* DrawRectView.h */ = {isa = PBXFileReference; fileEncoding = 4; lastKnownFileType = sourcecode.c.h; path = DrawRectView.h; sourceTree = "<group>"; };
		8181484E1D5EB0B200346206 /* DrawRectView.m */ = {isa = PBXFileReference; fileEncoding = 4; lastKnownFileType = sourcecode.c.objc; path = DrawRectView.m; sourceTree = "<group>"; };
		818148501D5EB0BD00346206 /* DrawCircletView.h */ = {isa = PBXFileReference; fileEncoding = 4; lastKnownFileType = sourcecode.c.h; path = DrawCircletView.h; sourceTree = "<group>"; };
		818148511D5EB0BD00346206 /* DrawCircletView.m */ = {isa = PBXFileReference; fileEncoding = 4; lastKnownFileType = sourcecode.c.objc; path = DrawCircletView.m; sourceTree = "<group>"; };
		818148531D5EB0C600346206 /* DrawTexttView.h */ = {isa = PBXFileReference; fileEncoding = 4; lastKnownFileType = sourcecode.c.h; path = DrawTexttView.h; sourceTree = "<group>"; };
		818148541D5EB0C600346206 /* DrawTexttView.m */ = {isa = PBXFileReference; fileEncoding = 4; lastKnownFileType = sourcecode.c.objc; path = DrawTexttView.m; sourceTree = "<group>"; };
		818148561D5EB0D600346206 /* DrawImageView.h */ = {isa = PBXFileReference; fileEncoding = 4; lastKnownFileType = sourcecode.c.h; path = DrawImageView.h; sourceTree = "<group>"; };
		818148571D5EB0D600346206 /* DrawImageView.m */ = {isa = PBXFileReference; fileEncoding = 4; lastKnownFileType = sourcecode.c.objc; path = DrawImageView.m; sourceTree = "<group>"; };
		8181485A1D5EB34A00346206 /* CellModel.h */ = {isa = PBXFileReference; fileEncoding = 4; lastKnownFileType = sourcecode.c.h; path = CellModel.h; sourceTree = "<group>"; };
		8181485B1D5EB34A00346206 /* CellModel.m */ = {isa = PBXFileReference; fileEncoding = 4; lastKnownFileType = sourcecode.c.objc; path = CellModel.m; sourceTree = "<group>"; };
		8181485C1D5EB34A00346206 /* SectionModel.h */ = {isa = PBXFileReference; fileEncoding = 4; lastKnownFileType = sourcecode.c.h; path = SectionModel.h; sourceTree = "<group>"; };
		8181485D1D5EB34A00346206 /* SectionModel.m */ = {isa = PBXFileReference; fileEncoding = 4; lastKnownFileType = sourcecode.c.objc; path = SectionModel.m; sourceTree = "<group>"; };
		8181485E1D5EB34A00346206 /* UIView+pgqViewExtension.h */ = {isa = PBXFileReference; fileEncoding = 4; lastKnownFileType = sourcecode.c.h; path = "UIView+pgqViewExtension.h"; sourceTree = "<group>"; };
		8181485F1D5EB34A00346206 /* UIView+pgqViewExtension.m */ = {isa = PBXFileReference; fileEncoding = 4; lastKnownFileType = sourcecode.c.objc; path = "UIView+pgqViewExtension.m"; sourceTree = "<group>"; };
		818148631D5EBAD700346206 /* PQTBDelegate.h */ = {isa = PBXFileReference; fileEncoding = 4; lastKnownFileType = sourcecode.c.h; path = PQTBDelegate.h; sourceTree = "<group>"; };
		818148641D5EBAD700346206 /* PQTBDelegate.m */ = {isa = PBXFileReference; fileEncoding = 4; lastKnownFileType = sourcecode.c.objc; path = PQTBDelegate.m; sourceTree = "<group>"; };
		818148661D5EF25700346206 /* 222.png */ = {isa = PBXFileReference; lastKnownFileType = image.png; name = 222.png; path = Assets.xcassets/222.imageset/222.png; sourceTree = "<group>"; };
		818148681D5EF49000346206 /* DrawLineColorViewcontroller.h */ = {isa = PBXFileReference; fileEncoding = 4; lastKnownFileType = sourcecode.c.h; path = DrawLineColorViewcontroller.h; sourceTree = "<group>"; };
		818148691D5EF49000346206 /* DrawLineColorViewcontroller.m */ = {isa = PBXFileReference; fileEncoding = 4; lastKnownFileType = sourcecode.c.objc; path = DrawLineColorViewcontroller.m; sourceTree = "<group>"; };
		8181486B1D5EF4A400346206 /* DrawDownloadViewcontroller.h */ = {isa = PBXFileReference; fileEncoding = 4; lastKnownFileType = sourcecode.c.h; path = DrawDownloadViewcontroller.h; sourceTree = "<group>"; };
		8181486C1D5EF4A400346206 /* DrawDownloadViewcontroller.m */ = {isa = PBXFileReference; fileEncoding = 4; lastKnownFileType = sourcecode.c.objc; path = DrawDownloadViewcontroller.m; sourceTree = "<group>"; };
		8181486E1D5EF50800346206 /* DrawDownloadView.h */ = {isa = PBXFileReference; fileEncoding = 4; lastKnownFileType = sourcecode.c.h; path = DrawDownloadView.h; sourceTree = "<group>"; };
		8181486F1D5EF50800346206 /* DrawDownloadView.m */ = {isa = PBXFileReference; fileEncoding = 4; lastKnownFileType = sourcecode.c.objc; path = DrawDownloadView.m; sourceTree = "<group>"; };
		818148711D5EF51700346206 /* DrawLineColorView.h */ = {isa = PBXFileReference; fileEncoding = 4; lastKnownFileType = sourcecode.c.h; path = DrawLineColorView.h; sourceTree = "<group>"; };
		818148721D5EF51700346206 /* DrawLineColorView.m */ = {isa = PBXFileReference; fileEncoding = 4; lastKnownFileType = sourcecode.c.objc; path = DrawLineColorView.m; sourceTree = "<group>"; };
		818148741D5F272100346206 /* ImageContextViewcontroller.h */ = {isa = PBXFileReference; fileEncoding = 4; lastKnownFileType = sourcecode.c.h; path = ImageContextViewcontroller.h; sourceTree = "<group>"; };
		818148751D5F272100346206 /* ImageContextViewcontroller.m */ = {isa = PBXFileReference; fileEncoding = 4; lastKnownFileType = sourcecode.c.objc; path = ImageContextViewcontroller.m; sourceTree = "<group>"; };
		818148771D5F273900346206 /* UIImage+PQImage.h */ = {isa = PBXFileReference; fileEncoding = 4; lastKnownFileType = sourcecode.c.h; path = "UIImage+PQImage.h"; sourceTree = "<group>"; };
		818148781D5F273900346206 /* UIImage+PQImage.m */ = {isa = PBXFileReference; fileEncoding = 4; lastKnownFileType = sourcecode.c.objc; path = "UIImage+PQImage.m"; sourceTree = "<group>"; };
		81F45D1B1D61688A00090568 /* ImageCutViewViewcontroller.h */ = {isa = PBXFileReference; fileEncoding = 4; lastKnownFileType = sourcecode.c.h; path = ImageCutViewViewcontroller.h; sourceTree = "<group>"; };
		81F45D1C1D61688A00090568 /* ImageCutViewViewcontroller.m */ = {isa = PBXFileReference; fileEncoding = 4; lastKnownFileType = sourcecode.c.objc; path = ImageCutViewViewcontroller.m; sourceTree = "<group>"; };
		81F45D1E1D6170EB00090568 /* ImageWipeViewcontroller.h */ = {isa = PBXFileReference; fileEncoding = 4; lastKnownFileType = sourcecode.c.h; path = ImageWipeViewcontroller.h; sourceTree = "<group>"; };
		81F45D1F1D6170EB00090568 /* ImageWipeViewcontroller.m */ = {isa = PBXFileReference; fileEncoding = 4; lastKnownFileType = sourcecode.c.objc; path = ImageWipeViewcontroller.m; sourceTree = "<group>"; };
		81F45D221D61717600090568 /* fore.jpg */ = {isa = PBXFileReference; lastKnownFileType = image.jpeg; path = fore.jpg; sourceTree = "<group>"; };
		81F45D251D61729500090568 /* back.jpg */ = {isa = PBXFileReference; lastKnownFileType = image.jpeg; path = back.jpg; sourceTree = "<group>"; };
		81FD2D0A1D619F060081C061 /* ImageClipRectImageViewcontroller.h */ = {isa = PBXFileReference; fileEncoding = 4; lastKnownFileType = sourcecode.c.h; path = ImageClipRectImageViewcontroller.h; sourceTree = "<group>"; };
		81FD2D0B1D619F060081C061 /* ImageClipRectImageViewcontroller.m */ = {isa = PBXFileReference; fileEncoding = 4; lastKnownFileType = sourcecode.c.objc; path = ImageClipRectImageViewcontroller.m; sourceTree = "<group>"; };
		81FD2D121D61AD770081C061 /* 16.png */ = {isa = PBXFileReference; lastKnownFileType = image.png; path = 16.png; sourceTree = "<group>"; };
		81FD2D161D61B2240081C061 /* jiantou.png */ = {isa = PBXFileReference; lastKnownFileType = image.png; path = jiantou.png; sourceTree = "<group>"; };
		8FE387231FDE1F0300A15F5C /* DrawGradientController.h */ = {isa = PBXFileReference; lastKnownFileType = sourcecode.c.h; path = DrawGradientController.h; sourceTree = "<group>"; };
		8FE387241FDE1F0300A15F5C /* DrawGradientController.m */ = {isa = PBXFileReference; lastKnownFileType = sourcecode.c.objc; path = DrawGradientController.m; sourceTree = "<group>"; };
		8FE387261FDE1F5600A15F5C /* LineView.h */ = {isa = PBXFileReference; fileEncoding = 4; lastKnownFileType = sourcecode.c.h; path = LineView.h; sourceTree = "<group>"; };
		8FE387271FDE1F5600A15F5C /* LineView.m */ = {isa = PBXFileReference; fileEncoding = 4; lastKnownFileType = sourcecode.c.objc; path = LineView.m; sourceTree = "<group>"; };
/* End PBXFileReference section */

/* Begin PBXFrameworksBuildPhase section */
		818147F11D5EAC5E00346206 /* Frameworks */ = {
			isa = PBXFrameworksBuildPhase;
			buildActionMask = 2147483647;
			files = (
			);
			runOnlyForDeploymentPostprocessing = 0;
		};
		8181480A1D5EAC5E00346206 /* Frameworks */ = {
			isa = PBXFrameworksBuildPhase;
			buildActionMask = 2147483647;
			files = (
			);
			runOnlyForDeploymentPostprocessing = 0;
		};
		818148151D5EAC5E00346206 /* Frameworks */ = {
			isa = PBXFrameworksBuildPhase;
			buildActionMask = 2147483647;
			files = (
			);
			runOnlyForDeploymentPostprocessing = 0;
		};
/* End PBXFrameworksBuildPhase section */

/* Begin PBXGroup section */
		818147EB1D5EAC5E00346206 = {
			isa = PBXGroup;
			children = (
				818147F61D5EAC5E00346206 /* PQDrawTest */,
				818148101D5EAC5E00346206 /* PQDrawTestTests */,
				8181481B1D5EAC5E00346206 /* PQDrawTestUITests */,
				818147F51D5EAC5E00346206 /* Products */,
			);
			sourceTree = "<group>";
		};
		818147F51D5EAC5E00346206 /* Products */ = {
			isa = PBXGroup;
			children = (
				818147F41D5EAC5E00346206 /* PQDrawTest.app */,
				8181480D1D5EAC5E00346206 /* PQDrawTestTests.xctest */,
				818148181D5EAC5E00346206 /* PQDrawTestUITests.xctest */,
			);
			name = Products;
			sourceTree = "<group>";
		};
		818147F61D5EAC5E00346206 /* PQDrawTest */ = {
			isa = PBXGroup;
			children = (
				818148421D5EAFB000346206 /* View */,
				8181482B1D5EAC9700346206 /* others */,
				8181482A1D5EAC8800346206 /* Controllers */,
				818147F71D5EAC5E00346206 /* Supporting Files */,
			);
			path = PQDrawTest;
			sourceTree = "<group>";
		};
		818147F71D5EAC5E00346206 /* Supporting Files */ = {
			isa = PBXGroup;
			children = (
				818147F81D5EAC5E00346206 /* main.m */,
			);
			name = "Supporting Files";
			sourceTree = "<group>";
		};
		818148101D5EAC5E00346206 /* PQDrawTestTests */ = {
			isa = PBXGroup;
			children = (
				818148111D5EAC5E00346206 /* PQDrawTestTests.m */,
				818148131D5EAC5E00346206 /* Info.plist */,
			);
			path = PQDrawTestTests;
			sourceTree = "<group>";
		};
		8181481B1D5EAC5E00346206 /* PQDrawTestUITests */ = {
			isa = PBXGroup;
			children = (
				8181481C1D5EAC5E00346206 /* PQDrawTestUITests.m */,
				8181481E1D5EAC5E00346206 /* Info.plist */,
			);
			path = PQDrawTestUITests;
			sourceTree = "<group>";
		};
		8181482A1D5EAC8800346206 /* Controllers */ = {
			isa = PBXGroup;
			children = (
				818148591D5EB29A00346206 /* ViewController */,
				818148321D5EAF3000346206 /* ImageContext */,
				818148311D5EAF2700346206 /* Draw */,
			);
			name = Controllers;
			sourceTree = "<group>";
		};
		8181482B1D5EAC9700346206 /* others */ = {
			isa = PBXGroup;
			children = (
				818147FA1D5EAC5E00346206 /* AppDelegate.h */,
				818147FB1D5EAC5E00346206 /* AppDelegate.m */,
				818148001D5EAC5E00346206 /* Main.storyboard */,
				818148031D5EAC5E00346206 /* Assets.xcassets */,
				818148051D5EAC5E00346206 /* LaunchScreen.storyboard */,
				818148081D5EAC5E00346206 /* Info.plist */,
			);
			name = others;
			sourceTree = "<group>";
		};
		818148311D5EAF2700346206 /* Draw */ = {
			isa = PBXGroup;
			children = (
				818148331D5EAF6F00346206 /* DrawLineViewcontroller.h */,
				818148341D5EAF6F00346206 /* DrawLineViewcontroller.m */,
				818148361D5EAF7B00346206 /* DrawRectViewcontroller.h */,
				818148371D5EAF7B00346206 /* DrawRectViewcontroller.m */,
				818148391D5EAF8D00346206 /* DrawCircleViewcontroller.h */,
				8181483A1D5EAF8D00346206 /* DrawCircleViewcontroller.m */,
				8181483C1D5EAF9A00346206 /* DrawTextViewcontroller.h */,
				8181483D1D5EAF9A00346206 /* DrawTextViewcontroller.m */,
				8181483F1D5EAFAA00346206 /* DrawImageViewcontroller.h */,
				818148401D5EAFAA00346206 /* DrawImageViewcontroller.m */,
				818148681D5EF49000346206 /* DrawLineColorViewcontroller.h */,
				818148691D5EF49000346206 /* DrawLineColorViewcontroller.m */,
				8181486B1D5EF4A400346206 /* DrawDownloadViewcontroller.h */,
				8181486C1D5EF4A400346206 /* DrawDownloadViewcontroller.m */,
				8FE387231FDE1F0300A15F5C /* DrawGradientController.h */,
				8FE387241FDE1F0300A15F5C /* DrawGradientController.m */,
			);
			name = Draw;
			sourceTree = "<group>";
		};
		818148321D5EAF3000346206 /* ImageContext */ = {
			isa = PBXGroup;
			children = (
				81FD2D161D61B2240081C061 /* jiantou.png */,
				81FD2D121D61AD770081C061 /* 16.png */,
				81F45D251D61729500090568 /* back.jpg */,
				81F45D221D61717600090568 /* fore.jpg */,
				818148741D5F272100346206 /* ImageContextViewcontroller.h */,
				818148751D5F272100346206 /* ImageContextViewcontroller.m */,
				818148771D5F273900346206 /* UIImage+PQImage.h */,
				818148781D5F273900346206 /* UIImage+PQImage.m */,
				813E6A671D614FAB0032C575 /* ImageAddWaterImageViewcontroller.h */,
				813E6A681D614FAB0032C575 /* ImageAddWaterImageViewcontroller.m */,
				813E6A6A1D614FE60032C575 /* ImageAddWaterTextViewcontroller.h */,
				813E6A6B1D614FE60032C575 /* ImageAddWaterTextViewcontroller.m */,
				813E6A6D1D6150200032C575 /* ImageClipCircleViewcontroller.h */,
				813E6A6E1D6150200032C575 /* ImageClipCircleViewcontroller.m */,
				813E6A701D6150510032C575 /* ImageClipCircleAndBorderViewcontroller.h */,
				813E6A711D6150510032C575 /* ImageClipCircleAndBorderViewcontroller.m */,
				81F45D1B1D61688A00090568 /* ImageCutViewViewcontroller.h */,
				81F45D1C1D61688A00090568 /* ImageCutViewViewcontroller.m */,
				81F45D1E1D6170EB00090568 /* ImageWipeViewcontroller.h */,
				81F45D1F1D6170EB00090568 /* ImageWipeViewcontroller.m */,
				81FD2D0A1D619F060081C061 /* ImageClipRectImageViewcontroller.h */,
				81FD2D0B1D619F060081C061 /* ImageClipRectImageViewcontroller.m */,
				60FB925E1D61E94600CBAFDD /* PQWipeView.h */,
				60FB925F1D61E94600CBAFDD /* PQWipeView.m */,
				60FB92611D61E9FD00CBAFDD /* PQWipeView.xib */,
			);
			name = ImageContext;
			sourceTree = "<group>";
		};
		818148421D5EAFB000346206 /* View */ = {
			isa = PBXGroup;
			children = (
				818148661D5EF25700346206 /* 222.png */,
				818148491D5EB09400346206 /* Draw */,
			);
			name = View;
			sourceTree = "<group>";
		};
		818148491D5EB09400346206 /* Draw */ = {
			isa = PBXGroup;
			children = (
				8FE387261FDE1F5600A15F5C /* LineView.h */,
				8FE387271FDE1F5600A15F5C /* LineView.m */,
				8181484A1D5EB0A400346206 /* DrawLineView.h */,
				8181484B1D5EB0A400346206 /* DrawLineView.m */,
				8181484D1D5EB0B200346206 /* DrawRectView.h */,
				8181484E1D5EB0B200346206 /* DrawRectView.m */,
				818148501D5EB0BD00346206 /* DrawCircletView.h */,
				818148511D5EB0BD00346206 /* DrawCircletView.m */,
				818148531D5EB0C600346206 /* DrawTexttView.h */,
				818148541D5EB0C600346206 /* DrawTexttView.m */,
				818148561D5EB0D600346206 /* DrawImageView.h */,
				818148571D5EB0D600346206 /* DrawImageView.m */,
				8181486E1D5EF50800346206 /* DrawDownloadView.h */,
				8181486F1D5EF50800346206 /* DrawDownloadView.m */,
				818148711D5EF51700346206 /* DrawLineColorView.h */,
				818148721D5EF51700346206 /* DrawLineColorView.m */,
			);
			name = Draw;
			sourceTree = "<group>";
		};
		818148591D5EB29A00346206 /* ViewController */ = {
			isa = PBXGroup;
			children = (
				818148631D5EBAD700346206 /* PQTBDelegate.h */,
				818148641D5EBAD700346206 /* PQTBDelegate.m */,
				8181485A1D5EB34A00346206 /* CellModel.h */,
				8181485B1D5EB34A00346206 /* CellModel.m */,
				8181485C1D5EB34A00346206 /* SectionModel.h */,
				8181485D1D5EB34A00346206 /* SectionModel.m */,
				8181485E1D5EB34A00346206 /* UIView+pgqViewExtension.h */,
				8181485F1D5EB34A00346206 /* UIView+pgqViewExtension.m */,
				8181482C1D5EACB900346206 /* PQTBDataSource.h */,
				8181482D1D5EACB900346206 /* PQTBDataSource.m */,
				818147FD1D5EAC5E00346206 /* ViewController.h */,
				818147FE1D5EAC5E00346206 /* ViewController.m */,
				8181482F1D5EACE100346206 /* Draw.plist */,
			);
			name = ViewController;
			sourceTree = "<group>";
		};
/* End PBXGroup section */

/* Begin PBXNativeTarget section */
		818147F31D5EAC5E00346206 /* PQDrawTest */ = {
			isa = PBXNativeTarget;
			buildConfigurationList = 818148211D5EAC5E00346206 /* Build configuration list for PBXNativeTarget "PQDrawTest" */;
			buildPhases = (
				818147F01D5EAC5E00346206 /* Sources */,
				818147F11D5EAC5E00346206 /* Frameworks */,
				818147F21D5EAC5E00346206 /* Resources */,
			);
			buildRules = (
			);
			dependencies = (
			);
			name = PQDrawTest;
			productName = PQDrawTest;
			productReference = 818147F41D5EAC5E00346206 /* PQDrawTest.app */;
			productType = "com.apple.product-type.application";
		};
		8181480C1D5EAC5E00346206 /* PQDrawTestTests */ = {
			isa = PBXNativeTarget;
			buildConfigurationList = 818148241D5EAC5E00346206 /* Build configuration list for PBXNativeTarget "PQDrawTestTests" */;
			buildPhases = (
				818148091D5EAC5E00346206 /* Sources */,
				8181480A1D5EAC5E00346206 /* Frameworks */,
				8181480B1D5EAC5E00346206 /* Resources */,
			);
			buildRules = (
			);
			dependencies = (
				8181480F1D5EAC5E00346206 /* PBXTargetDependency */,
			);
			name = PQDrawTestTests;
			productName = PQDrawTestTests;
			productReference = 8181480D1D5EAC5E00346206 /* PQDrawTestTests.xctest */;
			productType = "com.apple.product-type.bundle.unit-test";
		};
		818148171D5EAC5E00346206 /* PQDrawTestUITests */ = {
			isa = PBXNativeTarget;
			buildConfigurationList = 818148271D5EAC5E00346206 /* Build configuration list for PBXNativeTarget "PQDrawTestUITests" */;
			buildPhases = (
				818148141D5EAC5E00346206 /* Sources */,
				818148151D5EAC5E00346206 /* Frameworks */,
				818148161D5EAC5E00346206 /* Resources */,
			);
			buildRules = (
			);
			dependencies = (
				8181481A1D5EAC5E00346206 /* PBXTargetDependency */,
			);
			name = PQDrawTestUITests;
			productName = PQDrawTestUITests;
			productReference = 818148181D5EAC5E00346206 /* PQDrawTestUITests.xctest */;
			productType = "com.apple.product-type.bundle.ui-testing";
		};
/* End PBXNativeTarget section */

/* Begin PBXProject section */
		818147EC1D5EAC5E00346206 /* Project object */ = {
			isa = PBXProject;
			attributes = {
				LastUpgradeCheck = 0730;
				ORGANIZATIONNAME = ios;
				TargetAttributes = {
					818147F31D5EAC5E00346206 = {
						CreatedOnToolsVersion = 7.3;
						DevelopmentTeam = B2BXA8AH8F;
					};
					8181480C1D5EAC5E00346206 = {
						CreatedOnToolsVersion = 7.3;
						TestTargetID = 818147F31D5EAC5E00346206;
					};
					818148171D5EAC5E00346206 = {
						CreatedOnToolsVersion = 7.3;
						TestTargetID = 818147F31D5EAC5E00346206;
					};
				};
			};
			buildConfigurationList = 818147EF1D5EAC5E00346206 /* Build configuration list for PBXProject "PQDrawTest" */;
			compatibilityVersion = "Xcode 3.2";
			developmentRegion = English;
			hasScannedForEncodings = 0;
			knownRegions = (
				en,
				Base,
			);
			mainGroup = 818147EB1D5EAC5E00346206;
			productRefGroup = 818147F51D5EAC5E00346206 /* Products */;
			projectDirPath = "";
			projectRoot = "";
			targets = (
				818147F31D5EAC5E00346206 /* PQDrawTest */,
				8181480C1D5EAC5E00346206 /* PQDrawTestTests */,
				818148171D5EAC5E00346206 /* PQDrawTestUITests */,
			);
		};
/* End PBXProject section */

/* Begin PBXResourcesBuildPhase section */
		818147F21D5EAC5E00346206 /* Resources */ = {
			isa = PBXResourcesBuildPhase;
			buildActionMask = 2147483647;
			files = (
				81FD2D131D61AD770081C061 /* 16.png in Resources */,
				81F45D241D61717600090568 /* fore.jpg in Resources */,
				81FD2D171D61B2240081C061 /* jiantou.png in Resources */,
				818148071D5EAC5E00346206 /* LaunchScreen.storyboard in Resources */,
				60FB92621D61E9FD00CBAFDD /* PQWipeView.xib in Resources */,
				818148671D5EF25700346206 /* 222.png in Resources */,
				818148041D5EAC5E00346206 /* Assets.xcassets in Resources */,
				818148301D5EACE100346206 /* Draw.plist in Resources */,
				81F45D261D61729500090568 /* back.jpg in Resources */,
				818148021D5EAC5E00346206 /* Main.storyboard in Resources */,
			);
			runOnlyForDeploymentPostprocessing = 0;
		};
		8181480B1D5EAC5E00346206 /* Resources */ = {
			isa = PBXResourcesBuildPhase;
			buildActionMask = 2147483647;
			files = (
			);
			runOnlyForDeploymentPostprocessing = 0;
		};
		818148161D5EAC5E00346206 /* Resources */ = {
			isa = PBXResourcesBuildPhase;
			buildActionMask = 2147483647;
			files = (
			);
			runOnlyForDeploymentPostprocessing = 0;
		};
/* End PBXResourcesBuildPhase section */

/* Begin PBXSourcesBuildPhase section */
		818147F01D5EAC5E00346206 /* Sources */ = {
			isa = PBXSourcesBuildPhase;
			buildActionMask = 2147483647;
			files = (
				8181486D1D5EF4A400346206 /* DrawDownloadViewcontroller.m in Sources */,
				818147FF1D5EAC5E00346206 /* ViewController.m in Sources */,
				818148761D5F272100346206 /* ImageContextViewcontroller.m in Sources */,
				8181482E1D5EACB900346206 /* PQTBDataSource.m in Sources */,
				813E6A721D6150510032C575 /* ImageClipCircleAndBorderViewcontroller.m in Sources */,
				81F45D201D6170EB00090568 /* ImageWipeViewcontroller.m in Sources */,
				813E6A6F1D6150200032C575 /* ImageClipCircleViewcontroller.m in Sources */,
				818148791D5F273900346206 /* UIImage+PQImage.m in Sources */,
				818148701D5EF50800346206 /* DrawDownloadView.m in Sources */,
				818148411D5EAFAA00346206 /* DrawImageViewcontroller.m in Sources */,
				818148551D5EB0C600346206 /* DrawTexttView.m in Sources */,
				818148731D5EF51700346206 /* DrawLineColorView.m in Sources */,
				813E6A6C1D614FE60032C575 /* ImageAddWaterTextViewcontroller.m in Sources */,
				81F45D1D1D61688A00090568 /* ImageCutViewViewcontroller.m in Sources */,
				818148581D5EB0D600346206 /* DrawImageView.m in Sources */,
				818148381D5EAF7B00346206 /* DrawRectViewcontroller.m in Sources */,
				8181484C1D5EB0A400346206 /* DrawLineView.m in Sources */,
				8181483B1D5EAF8D00346206 /* DrawCircleViewcontroller.m in Sources */,
				8FE387251FDE1F0300A15F5C /* DrawGradientController.m in Sources */,
				818148601D5EB34A00346206 /* CellModel.m in Sources */,
				818148351D5EAF6F00346206 /* DrawLineViewcontroller.m in Sources */,
				813E6A691D614FAB0032C575 /* ImageAddWaterImageViewcontroller.m in Sources */,
				81FD2D0C1D619F060081C061 /* ImageClipRectImageViewcontroller.m in Sources */,
				818148521D5EB0BD00346206 /* DrawCircletView.m in Sources */,
				818148651D5EBAD700346206 /* PQTBDelegate.m in Sources */,
				8181483E1D5EAF9A00346206 /* DrawTextViewcontroller.m in Sources */,
				8181484F1D5EB0B200346206 /* DrawRectView.m in Sources */,
				818147FC1D5EAC5E00346206 /* AppDelegate.m in Sources */,
				8FE387281FDE1F5600A15F5C /* LineView.m in Sources */,
				60FB92601D61E94600CBAFDD /* PQWipeView.m in Sources */,
				818147F91D5EAC5E00346206 /* main.m in Sources */,
				8181486A1D5EF49000346206 /* DrawLineColorViewcontroller.m in Sources */,
				818148611D5EB34A00346206 /* SectionModel.m in Sources */,
				818148621D5EB34A00346206 /* UIView+pgqViewExtension.m in Sources */,
			);
			runOnlyForDeploymentPostprocessing = 0;
		};
		818148091D5EAC5E00346206 /* Sources */ = {
			isa = PBXSourcesBuildPhase;
			buildActionMask = 2147483647;
			files = (
				818148121D5EAC5E00346206 /* PQDrawTestTests.m in Sources */,
			);
			runOnlyForDeploymentPostprocessing = 0;
		};
		818148141D5EAC5E00346206 /* Sources */ = {
			isa = PBXSourcesBuildPhase;
			buildActionMask = 2147483647;
			files = (
				8181481D1D5EAC5E00346206 /* PQDrawTestUITests.m in Sources */,
			);
			runOnlyForDeploymentPostprocessing = 0;
		};
/* End PBXSourcesBuildPhase section */

/* Begin PBXTargetDependency section */
		8181480F1D5EAC5E00346206 /* PBXTargetDependency */ = {
			isa = PBXTargetDependency;
			target = 818147F31D5EAC5E00346206 /* PQDrawTest */;
			targetProxy = 8181480E1D5EAC5E00346206 /* PBXContainerItemProxy */;
		};
		8181481A1D5EAC5E00346206 /* PBXTargetDependency */ = {
			isa = PBXTargetDependency;
			target = 818147F31D5EAC5E00346206 /* PQDrawTest */;
			targetProxy = 818148191D5EAC5E00346206 /* PBXContainerItemProxy */;
		};
/* End PBXTargetDependency section */

/* Begin PBXVariantGroup section */
		818148001D5EAC5E00346206 /* Main.storyboard */ = {
			isa = PBXVariantGroup;
			children = (
				818148011D5EAC5E00346206 /* Base */,
			);
			name = Main.storyboard;
			sourceTree = "<group>";
		};
		818148051D5EAC5E00346206 /* LaunchScreen.storyboard */ = {
			isa = PBXVariantGroup;
			children = (
				818148061D5EAC5E00346206 /* Base */,
			);
			name = LaunchScreen.storyboard;
			sourceTree = "<group>";
		};
/* End PBXVariantGroup section */

/* Begin XCBuildConfiguration section */
		8181481F1D5EAC5E00346206 /* Debug */ = {
			isa = XCBuildConfiguration;
			buildSettings = {
				ALWAYS_SEARCH_USER_PATHS = NO;
				CLANG_ANALYZER_NONNULL = YES;
				CLANG_CXX_LANGUAGE_STANDARD = "gnu++0x";
				CLANG_CXX_LIBRARY = "libc++";
				CLANG_ENABLE_MODULES = YES;
				CLANG_ENABLE_OBJC_ARC = YES;
				CLANG_WARN_BOOL_CONVERSION = YES;
				CLANG_WARN_CONSTANT_CONVERSION = YES;
				CLANG_WARN_DIRECT_OBJC_ISA_USAGE = YES_ERROR;
				CLANG_WARN_EMPTY_BODY = YES;
				CLANG_WARN_ENUM_CONVERSION = YES;
				CLANG_WARN_INT_CONVERSION = YES;
				CLANG_WARN_OBJC_ROOT_CLASS = YES_ERROR;
				CLANG_WARN_UNREACHABLE_CODE = YES;
				CLANG_WARN__DUPLICATE_METHOD_MATCH = YES;
				"CODE_SIGN_IDENTITY[sdk=iphoneos*]" = "iPhone Developer";
				COPY_PHASE_STRIP = NO;
				DEBUG_INFORMATION_FORMAT = dwarf;
				ENABLE_STRICT_OBJC_MSGSEND = YES;
				ENABLE_TESTABILITY = YES;
				GCC_C_LANGUAGE_STANDARD = gnu99;
				GCC_DYNAMIC_NO_PIC = NO;
				GCC_NO_COMMON_BLOCKS = YES;
				GCC_OPTIMIZATION_LEVEL = 0;
				GCC_PREPROCESSOR_DEFINITIONS = (
					"DEBUG=1",
					"$(inherited)",
				);
				GCC_WARN_64_TO_32_BIT_CONVERSION = YES;
				GCC_WARN_ABOUT_RETURN_TYPE = YES_ERROR;
				GCC_WARN_UNDECLARED_SELECTOR = YES;
				GCC_WARN_UNINITIALIZED_AUTOS = YES_AGGRESSIVE;
				GCC_WARN_UNUSED_FUNCTION = YES;
				GCC_WARN_UNUSED_VARIABLE = YES;
				IPHONEOS_DEPLOYMENT_TARGET = 9.3;
				MTL_ENABLE_DEBUG_INFO = YES;
				ONLY_ACTIVE_ARCH = YES;
				SDKROOT = iphoneos;
				TARGETED_DEVICE_FAMILY = "1,2";
			};
			name = Debug;
		};
		818148201D5EAC5E00346206 /* Release */ = {
			isa = XCBuildConfiguration;
			buildSettings = {
				ALWAYS_SEARCH_USER_PATHS = NO;
				CLANG_ANALYZER_NONNULL = YES;
				CLANG_CXX_LANGUAGE_STANDARD = "gnu++0x";
				CLANG_CXX_LIBRARY = "libc++";
				CLANG_ENABLE_MODULES = YES;
				CLANG_ENABLE_OBJC_ARC = YES;
				CLANG_WARN_BOOL_CONVERSION = YES;
				CLANG_WARN_CONSTANT_CONVERSION = YES;
				CLANG_WARN_DIRECT_OBJC_ISA_USAGE = YES_ERROR;
				CLANG_WARN_EMPTY_BODY = YES;
				CLANG_WARN_ENUM_CONVERSION = YES;
				CLANG_WARN_INT_CONVERSION = YES;
				CLANG_WARN_OBJC_ROOT_CLASS = YES_ERROR;
				CLANG_WARN_UNREACHABLE_CODE = YES;
				CLANG_WARN__DUPLICATE_METHOD_MATCH = YES;
				"CODE_SIGN_IDENTITY[sdk=iphoneos*]" = "iPhone Developer";
				COPY_PHASE_STRIP = NO;
				DEBUG_INFORMATION_FORMAT = "dwarf-with-dsym";
				ENABLE_NS_ASSERTIONS = NO;
				ENABLE_STRICT_OBJC_MSGSEND = YES;
				GCC_C_LANGUAGE_STANDARD = gnu99;
				GCC_NO_COMMON_BLOCKS = YES;
				GCC_WARN_64_TO_32_BIT_CONVERSION = YES;
				GCC_WARN_ABOUT_RETURN_TYPE = YES_ERROR;
				GCC_WARN_UNDECLARED_SELECTOR = YES;
				GCC_WARN_UNINITIALIZED_AUTOS = YES_AGGRESSIVE;
				GCC_WARN_UNUSED_FUNCTION = YES;
				GCC_WARN_UNUSED_VARIABLE = YES;
				IPHONEOS_DEPLOYMENT_TARGET = 9.3;
				MTL_ENABLE_DEBUG_INFO = NO;
				SDKROOT = iphoneos;
				TARGETED_DEVICE_FAMILY = "1,2";
				VALIDATE_PRODUCT = YES;
			};
			name = Release;
		};
		818148221D5EAC5E00346206 /* Debug */ = {
			isa = XCBuildConfiguration;
			buildSettings = {
				ASSETCATALOG_COMPILER_APPICON_NAME = AppIcon;
				DEVELOPMENT_TEAM = B2BXA8AH8F;
				INFOPLIST_FILE = PQDrawTest/Info.plist;
				IPHONEOS_DEPLOYMENT_TARGET = 9.0;
				LD_RUNPATH_SEARCH_PATHS = "$(inherited) @executable_path/Frameworks";
				PRODUCT_BUNDLE_IDENTIFIER = pq.PQDrawTest;
				PRODUCT_NAME = "$(TARGET_NAME)";
			};
			name = Debug;
		};
		818148231D5EAC5E00346206 /* Release */ = {
			isa = XCBuildConfiguration;
			buildSettings = {
				ASSETCATALOG_COMPILER_APPICON_NAME = AppIcon;
				DEVELOPMENT_TEAM = B2BXA8AH8F;
				INFOPLIST_FILE = PQDrawTest/Info.plist;
				IPHONEOS_DEPLOYMENT_TARGET = 9.0;
				LD_RUNPATH_SEARCH_PATHS = "$(inherited) @executable_path/Frameworks";
				PRODUCT_BUNDLE_IDENTIFIER = pq.PQDrawTest;
				PRODUCT_NAME = "$(TARGET_NAME)";
			};
			name = Release;
		};
		818148251D5EAC5E00346206 /* Debug */ = {
			isa = XCBuildConfiguration;
			buildSettings = {
				BUNDLE_LOADER = "$(TEST_HOST)";
				INFOPLIST_FILE = PQDrawTestTests/Info.plist;
				LD_RUNPATH_SEARCH_PATHS = "$(inherited) @executable_path/Frameworks @loader_path/Frameworks";
				PRODUCT_BUNDLE_IDENTIFIER = pq.PQDrawTestTests;
				PRODUCT_NAME = "$(TARGET_NAME)";
				TEST_HOST = "$(BUILT_PRODUCTS_DIR)/PQDrawTest.app/PQDrawTest";
			};
			name = Debug;
		};
		818148261D5EAC5E00346206 /* Release */ = {
			isa = XCBuildConfiguration;
			buildSettings = {
				BUNDLE_LOADER = "$(TEST_HOST)";
				INFOPLIST_FILE = PQDrawTestTests/Info.plist;
				LD_RUNPATH_SEARCH_PATHS = "$(inherited) @executable_path/Frameworks @loader_path/Frameworks";
				PRODUCT_BUNDLE_IDENTIFIER = pq.PQDrawTestTests;
				PRODUCT_NAME = "$(TARGET_NAME)";
				TEST_HOST = "$(BUILT_PRODUCTS_DIR)/PQDrawTest.app/PQDrawTest";
			};
			name = Release;
		};
		818148281D5EAC5E00346206 /* Debug */ = {
			isa = XCBuildConfiguration;
			buildSettings = {
				INFOPLIST_FILE = PQDrawTestUITests/Info.plist;
				LD_RUNPATH_SEARCH_PATHS = "$(inherited) @executable_path/Frameworks @loader_path/Frameworks";
				PRODUCT_BUNDLE_IDENTIFIER = pq.PQDrawTestUITests;
				PRODUCT_NAME = "$(TARGET_NAME)";
				TEST_TARGET_NAME = PQDrawTest;
			};
			name = Debug;
		};
		818148291D5EAC5E00346206 /* Release */ = {
			isa = XCBuildConfiguration;
			buildSettings = {
				INFOPLIST_FILE = PQDrawTestUITests/Info.plist;
				LD_RUNPATH_SEARCH_PATHS = "$(inherited) @executable_path/Frameworks @loader_path/Frameworks";
				PRODUCT_BUNDLE_IDENTIFIER = pq.PQDrawTestUITests;
				PRODUCT_NAME = "$(TARGET_NAME)";
				TEST_TARGET_NAME = PQDrawTest;
			};
			name = Release;
		};
/* End XCBuildConfiguration section */

/* Begin XCConfigurationList section */
		818147EF1D5EAC5E00346206 /* Build configuration list for PBXProject "PQDrawTest" */ = {
			isa = XCConfigurationList;
			buildConfigurations = (
				8181481F1D5EAC5E00346206 /* Debug */,
				818148201D5EAC5E00346206 /* Release */,
			);
			defaultConfigurationIsVisible = 0;
			defaultConfigurationName = Release;
		};
		818148211D5EAC5E00346206 /* Build configuration list for PBXNativeTarget "PQDrawTest" */ = {
			isa = XCConfigurationList;
			buildConfigurations = (
				818148221D5EAC5E00346206 /* Debug */,
				818148231D5EAC5E00346206 /* Release */,
			);
			defaultConfigurationIsVisible = 0;
			defaultConfigurationName = Release;
		};
		818148241D5EAC5E00346206 /* Build configuration list for PBXNativeTarget "PQDrawTestTests" */ = {
			isa = XCConfigurationList;
			buildConfigurations = (
				818148251D5EAC5E00346206 /* Debug */,
				818148261D5EAC5E00346206 /* Release */,
			);
			defaultConfigurationIsVisible = 0;
			defaultConfigurationName = Release;
		};
		818148271D5EAC5E00346206 /* Build configuration list for PBXNativeTarget "PQDrawTestUITests" */ = {
			isa = XCConfigurationList;
			buildConfigurations = (
				818148281D5EAC5E00346206 /* Debug */,
				818148291D5EAC5E00346206 /* Release */,
			);
			defaultConfigurationIsVisible = 0;
			defaultConfigurationName = Release;
		};
/* End XCConfigurationList section */
	};
	rootObject = 818147EC1D5EAC5E00346206 /* Project object */;
}
